
Microsoft Visual Studio Solution File, Format Version 12.00
# Visual Studio Version 16
VisualStudioVersion = 16.0.31112.23
MinimumVisualStudioVersion = 10.0.40219.1
Project("{FAE04EC0-301F-11D3-BF4B-00C04F79EFBC}") = "Démineur", "Démineur\Démineur.csproj", "{1401BBF3-BABC-460D-96E0-E31E4AD591DA}"
EndProject
Global
	GlobalSection(SolutionConfigurationPlatforms) = preSolution
		Debug|Any CPU = Debug|Any CPU
		Release|Any CPU = Release|Any CPU
	EndGlobalSection
	GlobalSection(ProjectConfigurationPlatforms) = postSolution
		{1401BBF3-BABC-460D-96E0-E31E4AD591DA}.Debug|Any CPU.ActiveCfg = Debug|Any CPU
		{1401BBF3-BABC-460D-96E0-E31E4AD591DA}.Debug|Any CPU.Build.0 = Debug|Any CPU
		{1401BBF3-BABC-460D-96E0-E31E4AD591DA}.Release|Any CPU.ActiveCfg = Release|Any CPU
		{1401BBF3-BABC-460D-96E0-E31E4AD591DA}.Release|Any CPU.Build.0 = Release|Any CPU
	EndGlobalSection
	GlobalSection(SolutionProperties) = preSolution
		HideSolutionNode = FALSE
	EndGlobalSection
	GlobalSection(ExtensibilityGlobals) = postSolution
		SolutionGuid = {8F1E32D9-C56B-4E62-A6B8-9443E998132C}
	EndGlobalSection
EndGlobal
